<?xml version="1.0" encoding="utf-8"?>
<Project ToolsVersion="4.0" xmlns="http://schemas.microsoft.com/developer/msbuild/2003">
  <ItemGroup>
    <Filter Include="include">
      <UniqueIdentifier>{24b1f320-651a-4572-9653-bba3368aec29}</UniqueIdentifier>
    </Filter>
    <Filter Include="src">
      <UniqueIdentifier>{16c207a9-028b-4980-ad03-338420529b71}</UniqueIdentifier>
    </Filter>
  </ItemGroup>
  <ItemGroup>
    <ClInclude Include="include\DogOrCatLib.h">
      <Filter>include</Filter>
    </ClInclude>
    <ClInclude Include="include\DogOrCat.h">
      <Filter>include</Filter>
    </ClInclude>
  </ItemGroup>
  <ItemGroup>
    <ClCompile Include="src\DogOrCat.cpp">
      <Filter>src</Filter>
    </ClCompile>
  </ItemGroup>
</Project>